{
  "requires": true,
  "lockfileVersion": 1,
  "dependencies": {
    "jsonata": {
      "version": "1.8.3",
      "resolved": "https://registry.npmjs.org/jsonata/-/jsonata-1.8.3.tgz",
      "integrity": "sha512-r6ztI6ohbpRo77AxBm6vMs3aHZi2L2PaakW7TCPwSkeGcuAZ/SxXGLWH2Npwqq5+YBM/fg/g0EXg/pI9HvXQ8Q=="
    }
  }
}
