{
  "version": 4,
  "terraform_version": "0.13.0",
  "serial": 13,
  "lineage": "ee1a9b6e-7edb-0477-f12f-9d9b5fd0b0ee",
  "outputs": {},
  "resources": [
    {
      "module": "module.role",
      "mode": "managed",
      "type": "aws_iam_role",
      "name": "r",
      "provider": "provider[\"registry.terraform.io/hashicorp/aws\"]",
      "instances": [
        {
          "schema_version": 0,
          "attributes": {
            "arn": "arn:aws:iam::449588991886:role/transformer20200922045302102300000001",
            "assume_role_policy": "{\"Version\":\"2012-10-17\",\"Statement\":[{\"Sid\":\"\",\"Effect\":\"Allow\",\"Principal\":{\"Service\":\"lambda.amazonaws.com\"},\"Action\":\"sts:AssumeRole\"}]}",
            "create_date": "2020-09-22T04:53:02Z",
            "description": "",
            "force_detach_policies": false,
            "id": "transformer20200922045302102300000001",
            "max_session_duration": 3600,
            "name": "transformer20200922045302102300000001",
            "name_prefix": "transformer",
            "path": "/",
            "permissions_boundary": null,
            "tags": {},
            "unique_id": "AROAWRLMXS6HJGORLM4PW"
          },
          "private": "bnVsbA=="
        }
      ]
    },
    {
      "module": "module.role_policy",
      "mode": "managed",
      "type": "aws_iam_role_policy",
      "name": "p",
      "provider": "provider[\"registry.terraform.io/hashicorp/aws\"]",
      "instances": [
        {
          "schema_version": 0,
          "attributes": {
            "id": "transformer20200922045302102300000001:terraform-20200922234422828100000001",
            "name": "terraform-20200922234422828100000001",
            "name_prefix": null,
            "policy": "{\n\"Version\": \"2012-10-17\",\n\"Statement\": [\n    {\n    \"Action\": [\n        \"lambda:invokeFunction\"\n    ],\n    \"Effect\": \"Allow\",\n    \"Resource\": \"*\"\n    }\n]\n}\n",
            "role": "transformer20200922045302102300000001"
          },
          "private": "bnVsbA==",
          "dependencies": [
            "module.role.aws_iam_role.r"
          ]
        }
      ]
    },
    {
      "mode": "managed",
      "type": "aws_lambda_function",
      "name": "transformer",
      "provider": "provider[\"registry.terraform.io/hashicorp/aws\"]",
      "instances": [
        {
          "schema_version": 0,
          "attributes": {
            "arn": "arn:aws:lambda:us-west-2:449588991886:function:jsonata-transformer",
            "dead_letter_config": [],
            "description": "",
            "environment": [],
            "file_system_config": [],
            "filename": "../transformer/lambda.zip",
            "function_name": "jsonata-transformer",
            "handler": "index.handler",
            "id": "jsonata-transformer",
            "invoke_arn": "arn:aws:apigateway:us-west-2:lambda:path/2015-03-31/functions/arn:aws:lambda:us-west-2:449588991886:function:jsonata-transformer/invocations",
            "kms_key_arn": "",
            "last_modified": "2020-09-22T05:07:12.450+0000",
            "layers": [],
            "memory_size": 128,
            "publish": false,
            "qualified_arn": "arn:aws:lambda:us-west-2:449588991886:function:jsonata-transformer:$LATEST",
            "reserved_concurrent_executions": -1,
            "role": "arn:aws:iam::449588991886:role/transformer20200922045302102300000001",
            "runtime": "nodejs12.x",
            "s3_bucket": null,
            "s3_key": null,
            "s3_object_version": null,
            "source_code_hash": "Y9KmlFXYRLEoTHFz26ULhrwA2fOa7lGZaOZLZFeeyno=",
            "source_code_size": 182335,
            "tags": {},
            "timeout": 3,
            "timeouts": null,
            "tracing_config": [
              {
                "mode": "PassThrough"
              }
            ],
            "version": "$LATEST",
            "vpc_config": []
          },
          "private": "eyJlMmJmYjczMC1lY2FhLTExZTYtOGY4OC0zNDM2M2JjN2M0YzAiOnsiY3JlYXRlIjo2MDAwMDAwMDAwMDB9fQ==",
          "dependencies": [
            "module.role.aws_iam_role.r"
          ]
        }
      ]
    }
  ]
}
