{
    "version": 4,
    "terraform_version": "0.13.0",
    "serial": 41,
    "lineage": "35dbf830-1cbd-9757-ede7-1b27c81737df",
    "outputs": {},
    "resources": [{
        "mode": "managed",
        "type": "plausible_object_store",
        "name": "obj",
        "provider": "provider[\"localhost/org/plausible\"]",
        "instances": [{
            "schema_version": 0,
            "attributes": {
                "id": "terraform-20200910001930001000000001",
                "key_structure": null,
                "store_name": "terraform-20200910001930001000000001",
                "store_prefix": null,
                "uri": "arn::s3:::terraform-20200910001930001000000001"
            },
            "private": "bnVsbA=="
        }]
    }]
}